
Microsoft Visual Studio Solution File, Format Version 12.00
# Visual Studio Version 17
VisualStudioVersion = 17.7.33913.275
MinimumVisualStudioVersion = 10.0.40219.1
Project("{9A19103F-16F7-4668-BE54-9A1E7A4F7556}") = "QRCodeMagic", "QRCodeMagic\QRCodeMagic.csproj", "{053E38B1-16B8-4AEA-A43E-64B037336B0D}"
EndProject
Global
	GlobalSection(SolutionConfigurationPlatforms) = preSolution
		Debug|Any CPU = Debug|Any CPU
		Debug|x64 = Debug|x64
		Debug|x86 = Debug|x86
		Release|Any CPU = Release|Any CPU
		Release|x64 = Release|x64
		Release|x86 = Release|x86
	EndGlobalSection
	GlobalSection(ProjectConfigurationPlatforms) = postSolution
		{053E38B1-16B8-4AEA-A43E-64B037336B0D}.Debug|Any CPU.ActiveCfg = Debug|Any CPU
		{053E38B1-16B8-4AEA-A43E-64B037336B0D}.Debug|Any CPU.Build.0 = Debug|Any CPU
		{053E38B1-16B8-4AEA-A43E-64B037336B0D}.Debug|x64.ActiveCfg = Debug|x64
		{053E38B1-16B8-4AEA-A43E-64B037336B0D}.Debug|x64.Build.0 = Debug|x64
		{053E38B1-16B8-4AEA-A43E-64B037336B0D}.Debug|x86.ActiveCfg = Debug|x86
		{053E38B1-16B8-4AEA-A43E-64B037336B0D}.Debug|x86.Build.0 = Debug|x86
		{053E38B1-16B8-4AEA-A43E-64B037336B0D}.Release|Any CPU.ActiveCfg = Release|Any CPU
		{053E38B1-16B8-4AEA-A43E-64B037336B0D}.Release|Any CPU.Build.0 = Release|Any CPU
		{053E38B1-16B8-4AEA-A43E-64B037336B0D}.Release|x64.ActiveCfg = Release|x64
		{053E38B1-16B8-4AEA-A43E-64B037336B0D}.Release|x64.Build.0 = Release|x64
		{053E38B1-16B8-4AEA-A43E-64B037336B0D}.Release|x86.ActiveCfg = Release|x86
		{053E38B1-16B8-4AEA-A43E-64B037336B0D}.Release|x86.Build.0 = Release|x86
	EndGlobalSection
	GlobalSection(SolutionProperties) = preSolution
		HideSolutionNode = FALSE
	EndGlobalSection
	GlobalSection(ExtensibilityGlobals) = postSolution
		SolutionGuid = {68D38B33-9EA0-4C3E-A673-56F3E2060B6F}
	EndGlobalSection
EndGlobal
